
Microsoft Visual Studio Solution File, Format Version 11.00
# Visual Studio 2010
Project("{FAE04EC0-301F-11D3-BF4B-00C04F79EFBC}") = "Dreamteck.Splines", "Dreamteck.Splines.csproj", "{43753c7a-ced3-2c69-0731-6cb7e1eb8354}"
EndProject
Project("{FAE04EC0-301F-11D3-BF4B-00C04F79EFBC}") = "Dreamteck.Splines.Editor", "Dreamteck.Splines.Editor.csproj", "{f6d444a0-3b62-1f06-dc64-e64277252a15}"
EndProject
Project("{FAE04EC0-301F-11D3-BF4B-00C04F79EFBC}") = "Assembly-CSharp-Editor-firstpass", "Assembly-CSharp-Editor-firstpass.csproj", "{335342b6-5030-b07d-e84f-3267c0e65938}"
EndProject
Project("{FAE04EC0-301F-11D3-BF4B-00C04F79EFBC}") = "Dreamteck.Utilities", "Dreamteck.Utilities.csproj", "{272602e7-eee1-e36f-b695-12d12c98b309}"
EndProject
Project("{FAE04EC0-301F-11D3-BF4B-00C04F79EFBC}") = "Dreamteck.Utilities.Editor", "Dreamteck.Utilities.Editor.csproj", "{4864c632-d467-f059-0ff2-36471147e989}"
EndProject
Project("{FAE04EC0-301F-11D3-BF4B-00C04F79EFBC}") = "ToonyColorsPro2.Demo", "ToonyColorsPro2.Demo.csproj", "{7a4cf8be-8abb-a064-bb18-58c5def2f590}"
EndProject
Project("{FAE04EC0-301F-11D3-BF4B-00C04F79EFBC}") = "ToonyColorsPro.Editor", "ToonyColorsPro.Editor.csproj", "{dd93a183-b202-b7bd-1187-48565d7fdaa1}"
EndProject
Project("{FAE04EC0-301F-11D3-BF4B-00C04F79EFBC}") = "Assembly-CSharp-firstpass", "Assembly-CSharp-firstpass.csproj", "{09dd3fb5-70e5-c046-7ede-9be410d7d815}"
EndProject
Project("{FAE04EC0-301F-11D3-BF4B-00C04F79EFBC}") = "Assembly-CSharp", "Assembly-CSharp.csproj", "{18110206-b232-6dd8-8466-320503049ddb}"
EndProject
Project("{FAE04EC0-301F-11D3-BF4B-00C04F79EFBC}") = "ToonyColorsPro.Runtime", "ToonyColorsPro.Runtime.csproj", "{0d4cb18b-9e59-cd72-0b2c-ea752495d1fc}"
EndProject
Global
	GlobalSection(SolutionConfigurationPlatforms) = preSolution
		Debug|Any CPU = Debug|Any CPU
	EndGlobalSection
	GlobalSection(ProjectConfigurationPlatforms) = postSolution
		{43753c7a-ced3-2c69-0731-6cb7e1eb8354}.Debug|Any CPU.ActiveCfg = Debug|Any CPU
		{43753c7a-ced3-2c69-0731-6cb7e1eb8354}.Debug|Any CPU.Build.0 = Debug|Any CPU
		{f6d444a0-3b62-1f06-dc64-e64277252a15}.Debug|Any CPU.ActiveCfg = Debug|Any CPU
		{f6d444a0-3b62-1f06-dc64-e64277252a15}.Debug|Any CPU.Build.0 = Debug|Any CPU
		{335342b6-5030-b07d-e84f-3267c0e65938}.Debug|Any CPU.ActiveCfg = Debug|Any CPU
		{335342b6-5030-b07d-e84f-3267c0e65938}.Debug|Any CPU.Build.0 = Debug|Any CPU
		{272602e7-eee1-e36f-b695-12d12c98b309}.Debug|Any CPU.ActiveCfg = Debug|Any CPU
		{272602e7-eee1-e36f-b695-12d12c98b309}.Debug|Any CPU.Build.0 = Debug|Any CPU
		{4864c632-d467-f059-0ff2-36471147e989}.Debug|Any CPU.ActiveCfg = Debug|Any CPU
		{4864c632-d467-f059-0ff2-36471147e989}.Debug|Any CPU.Build.0 = Debug|Any CPU
		{7a4cf8be-8abb-a064-bb18-58c5def2f590}.Debug|Any CPU.ActiveCfg = Debug|Any CPU
		{7a4cf8be-8abb-a064-bb18-58c5def2f590}.Debug|Any CPU.Build.0 = Debug|Any CPU
		{dd93a183-b202-b7bd-1187-48565d7fdaa1}.Debug|Any CPU.ActiveCfg = Debug|Any CPU
		{dd93a183-b202-b7bd-1187-48565d7fdaa1}.Debug|Any CPU.Build.0 = Debug|Any CPU
		{09dd3fb5-70e5-c046-7ede-9be410d7d815}.Debug|Any CPU.ActiveCfg = Debug|Any CPU
		{09dd3fb5-70e5-c046-7ede-9be410d7d815}.Debug|Any CPU.Build.0 = Debug|Any CPU
		{18110206-b232-6dd8-8466-320503049ddb}.Debug|Any CPU.ActiveCfg = Debug|Any CPU
		{18110206-b232-6dd8-8466-320503049ddb}.Debug|Any CPU.Build.0 = Debug|Any CPU
		{0d4cb18b-9e59-cd72-0b2c-ea752495d1fc}.Debug|Any CPU.ActiveCfg = Debug|Any CPU
		{0d4cb18b-9e59-cd72-0b2c-ea752495d1fc}.Debug|Any CPU.Build.0 = Debug|Any CPU
	EndGlobalSection
	GlobalSection(SolutionProperties) = preSolution
		HideSolutionNode = FALSE
	EndGlobalSection
EndGlobal
